// !$*UTF8*$!
{
	archiveVersion = 1;
	classes = {
	};
	objectVersion = 46;
	objects = {

/* Begin PBXBuildFile section */
		736ADB591CDE02970082FB1B /* Main.storyboard in Resources */ = {isa = PBXBuildFile; fileRef = 736ADB571CDE02970082FB1B /* Main.storyboard */; };
		736ADB5E1CDE02970082FB1B /* Assets.xcassets in Resources */ = {isa = PBXBuildFile; fileRef = 736ADB5D1CDE02970082FB1B /* Assets.xcassets */; };
		736ADB611CDE02970082FB1B /* LaunchScreen.storyboard in Resources */ = {isa = PBXBuildFile; fileRef = 736ADB5F1CDE02970082FB1B /* LaunchScreen.storyboard */; };
		736ADB6C1CDE02970082FB1B /* FlickrImageSearchAppTests.swift in Sources */ = {isa = PBXBuildFile; fileRef = 736ADB6B1CDE02970082FB1B /* FlickrImageSearchAppTests.swift */; };
		736ADB961CDFA4C50082FB1B /* AppDelegate.swift in Sources */ = {isa = PBXBuildFile; fileRef = 736ADB8A1CDFA4C50082FB1B /* AppDelegate.swift */; };
		736ADB971CDFA4C50082FB1B /* AppDelegate.swift in Sources */ = {isa = PBXBuildFile; fileRef = 736ADB8A1CDFA4C50082FB1B /* AppDelegate.swift */; };
		736ADB981CDFA4C50082FB1B /* HomeViewController.swift in Sources */ = {isa = PBXBuildFile; fileRef = 736ADB8B1CDFA4C50082FB1B /* HomeViewController.swift */; };
		736ADB991CDFA4C50082FB1B /* HomeViewController.swift in Sources */ = {isa = PBXBuildFile; fileRef = 736ADB8B1CDFA4C50082FB1B /* HomeViewController.swift */; };
		736ADB9A1CDFA4C50082FB1B /* FlickrObject.swift in Sources */ = {isa = PBXBuildFile; fileRef = 736ADB8D1CDFA4C50082FB1B /* FlickrObject.swift */; };
		736ADB9B1CDFA4C50082FB1B /* FlickrObject.swift in Sources */ = {isa = PBXBuildFile; fileRef = 736ADB8D1CDFA4C50082FB1B /* FlickrObject.swift */; };
		736ADB9C1CDFA4C50082FB1B /* FlickrSearchResponse.swift in Sources */ = {isa = PBXBuildFile; fileRef = 736ADB8E1CDFA4C50082FB1B /* FlickrSearchResponse.swift */; };
		736ADB9D1CDFA4C50082FB1B /* FlickrSearchResponse.swift in Sources */ = {isa = PBXBuildFile; fileRef = 736ADB8E1CDFA4C50082FB1B /* FlickrSearchResponse.swift */; };
		736ADB9E1CDFA4C50082FB1B /* welcome-flickr-search.json in Resources */ = {isa = PBXBuildFile; fileRef = 736ADB8F1CDFA4C50082FB1B /* welcome-flickr-search.json */; };
		736ADB9F1CDFA4C50082FB1B /* welcome-flickr-search.json in Resources */ = {isa = PBXBuildFile; fileRef = 736ADB8F1CDFA4C50082FB1B /* welcome-flickr-search.json */; };
		736ADBA01CDFA4C50082FB1B /* FlickrCollectionViewCell.swift in Sources */ = {isa = PBXBuildFile; fileRef = 736ADB911CDFA4C50082FB1B /* FlickrCollectionViewCell.swift */; };
		736ADBA11CDFA4C50082FB1B /* FlickrCollectionViewCell.swift in Sources */ = {isa = PBXBuildFile; fileRef = 736ADB911CDFA4C50082FB1B /* FlickrCollectionViewCell.swift */; };
		736ADBA21CDFA4C50082FB1B /* FlickrCollectionViewCell.xib in Resources */ = {isa = PBXBuildFile; fileRef = 736ADB921CDFA4C50082FB1B /* FlickrCollectionViewCell.xib */; };
		736ADBA31CDFA4C50082FB1B /* FlickrCollectionViewCell.xib in Resources */ = {isa = PBXBuildFile; fileRef = 736ADB921CDFA4C50082FB1B /* FlickrCollectionViewCell.xib */; };
		736ADBA41CDFA4C50082FB1B /* FlickrWebRequestBuilder.swift in Sources */ = {isa = PBXBuildFile; fileRef = 736ADB941CDFA4C50082FB1B /* FlickrWebRequestBuilder.swift */; };
		736ADBA51CDFA4C50082FB1B /* FlickrWebRequestBuilder.swift in Sources */ = {isa = PBXBuildFile; fileRef = 736ADB941CDFA4C50082FB1B /* FlickrWebRequestBuilder.swift */; };
		736ADBA61CDFA4C50082FB1B /* WebServiceManager.swift in Sources */ = {isa = PBXBuildFile; fileRef = 736ADB951CDFA4C50082FB1B /* WebServiceManager.swift */; };
		736ADBA71CDFA4C50082FB1B /* WebServiceManager.swift in Sources */ = {isa = PBXBuildFile; fileRef = 736ADB951CDFA4C50082FB1B /* WebServiceManager.swift */; };
/* End PBXBuildFile section */

/* Begin PBXContainerItemProxy section */
		736ADB681CDE02970082FB1B /* PBXContainerItemProxy */ = {
			isa = PBXContainerItemProxy;
			containerPortal = 736ADB481CDE02960082FB1B /* Project object */;
			proxyType = 1;
			remoteGlobalIDString = 736ADB4F1CDE02960082FB1B;
			remoteInfo = FlickrImageSearchApp;
		};
/* End PBXContainerItemProxy section */

/* Begin PBXFileReference section */
		736ADB501CDE02960082FB1B /* FlickrImageSearchApp.app */ = {isa = PBXFileReference; explicitFileType = wrapper.application; includeInIndex = 0; path = FlickrImageSearchApp.app; sourceTree = BUILT_PRODUCTS_DIR; };
		736ADB581CDE02970082FB1B /* Base */ = {isa = PBXFileReference; lastKnownFileType = file.storyboard; name = Base; path = Base.lproj/Main.storyboard; sourceTree = "<group>"; };
		736ADB5D1CDE02970082FB1B /* Assets.xcassets */ = {isa = PBXFileReference; lastKnownFileType = folder.assetcatalog; path = Assets.xcassets; sourceTree = "<group>"; };
		736ADB601CDE02970082FB1B /* Base */ = {isa = PBXFileReference; lastKnownFileType = file.storyboard; name = Base; path = Base.lproj/LaunchScreen.storyboard; sourceTree = "<group>"; };
		736ADB621CDE02970082FB1B /* Info.plist */ = {isa = PBXFileReference; lastKnownFileType = text.plist.xml; path = Info.plist; sourceTree = "<group>"; };
		736ADB671CDE02970082FB1B /* FlickrImageSearchAppTests.xctest */ = {isa = PBXFileReference; explicitFileType = wrapper.cfbundle; includeInIndex = 0; path = FlickrImageSearchAppTests.xctest; sourceTree = BUILT_PRODUCTS_DIR; };
		736ADB6B1CDE02970082FB1B /* FlickrImageSearchAppTests.swift */ = {isa = PBXFileReference; lastKnownFileType = sourcecode.swift; path = FlickrImageSearchAppTests.swift; sourceTree = "<group>"; };
		736ADB6D1CDE02970082FB1B /* Info.plist */ = {isa = PBXFileReference; lastKnownFileType = text.plist.xml; path = Info.plist; sourceTree = "<group>"; };
		736ADB8A1CDFA4C50082FB1B /* AppDelegate.swift */ = {isa = PBXFileReference; fileEncoding = 4; lastKnownFileType = sourcecode.swift; path = AppDelegate.swift; sourceTree = "<group>"; };
		736ADB8B1CDFA4C50082FB1B /* HomeViewController.swift */ = {isa = PBXFileReference; fileEncoding = 4; lastKnownFileType = sourcecode.swift; path = HomeViewController.swift; sourceTree = "<group>"; };
		736ADB8D1CDFA4C50082FB1B /* FlickrObject.swift */ = {isa = PBXFileReference; fileEncoding = 4; lastKnownFileType = sourcecode.swift; path = FlickrObject.swift; sourceTree = "<group>"; };
		736ADB8E1CDFA4C50082FB1B /* FlickrSearchResponse.swift */ = {isa = PBXFileReference; fileEncoding = 4; lastKnownFileType = sourcecode.swift; path = FlickrSearchResponse.swift; sourceTree = "<group>"; };
		736ADB8F1CDFA4C50082FB1B /* welcome-flickr-search.json */ = {isa = PBXFileReference; fileEncoding = 4; lastKnownFileType = text.json; path = "welcome-flickr-search.json"; sourceTree = "<group>"; };
		736ADB911CDFA4C50082FB1B /* FlickrCollectionViewCell.swift */ = {isa = PBXFileReference; fileEncoding = 4; lastKnownFileType = sourcecode.swift; path = FlickrCollectionViewCell.swift; sourceTree = "<group>"; };
		736ADB921CDFA4C50082FB1B /* FlickrCollectionViewCell.xib */ = {isa = PBXFileReference; fileEncoding = 4; lastKnownFileType = file.xib; path = FlickrCollectionViewCell.xib; sourceTree = "<group>"; };
		736ADB941CDFA4C50082FB1B /* FlickrWebRequestBuilder.swift */ = {isa = PBXFileReference; fileEncoding = 4; lastKnownFileType = sourcecode.swift; path = FlickrWebRequestBuilder.swift; sourceTree = "<group>"; };
		736ADB951CDFA4C50082FB1B /* WebServiceManager.swift */ = {isa = PBXFileReference; fileEncoding = 4; lastKnownFileType = sourcecode.swift; path = WebServiceManager.swift; sourceTree = "<group>"; };
/* End PBXFileReference section */

/* Begin PBXFrameworksBuildPhase section */
		736ADB4D1CDE02960082FB1B /* Frameworks */ = {
			isa = PBXFrameworksBuildPhase;
			buildActionMask = 2147483647;
			files = (
			);
			runOnlyForDeploymentPostprocessing = 0;
		};
		736ADB641CDE02970082FB1B /* Frameworks */ = {
			isa = PBXFrameworksBuildPhase;
			buildActionMask = 2147483647;
			files = (
			);
			runOnlyForDeploymentPostprocessing = 0;
		};
/* End PBXFrameworksBuildPhase section */

/* Begin PBXGroup section */
		736ADB471CDE02960082FB1B = {
			isa = PBXGroup;
			children = (
				736ADB521CDE02960082FB1B /* FlickrImageSearchApp */,
				736ADB6A1CDE02970082FB1B /* FlickrImageSearchAppTests */,
				736ADB511CDE02960082FB1B /* Products */,
			);
			sourceTree = "<group>";
		};
		736ADB511CDE02960082FB1B /* Products */ = {
			isa = PBXGroup;
			children = (
				736ADB501CDE02960082FB1B /* FlickrImageSearchApp.app */,
				736ADB671CDE02970082FB1B /* FlickrImageSearchAppTests.xctest */,
			);
			name = Products;
			sourceTree = "<group>";
		};
		736ADB521CDE02960082FB1B /* FlickrImageSearchApp */ = {
			isa = PBXGroup;
			children = (
				736ADB891CDFA4C50082FB1B /* Controller */,
				736ADB8C1CDFA4C50082FB1B /* Model */,
				736ADB901CDFA4C50082FB1B /* View */,
				736ADB931CDFA4C50082FB1B /* WebServiceLayer */,
				736ADB5D1CDE02970082FB1B /* Assets.xcassets */,
				736ADB5F1CDE02970082FB1B /* LaunchScreen.storyboard */,
				736ADB621CDE02970082FB1B /* Info.plist */,
			);
			path = FlickrImageSearchApp;
			sourceTree = "<group>";
		};
		736ADB6A1CDE02970082FB1B /* FlickrImageSearchAppTests */ = {
			isa = PBXGroup;
			children = (
				736ADB6B1CDE02970082FB1B /* FlickrImageSearchAppTests.swift */,
				736ADB6D1CDE02970082FB1B /* Info.plist */,
			);
			path = FlickrImageSearchAppTests;
			sourceTree = "<group>";
		};
		736ADB891CDFA4C50082FB1B /* Controller */ = {
			isa = PBXGroup;
			children = (
				736ADB8A1CDFA4C50082FB1B /* AppDelegate.swift */,
				736ADB8B1CDFA4C50082FB1B /* HomeViewController.swift */,
			);
			path = Controller;
			sourceTree = "<group>";
		};
		736ADB8C1CDFA4C50082FB1B /* Model */ = {
			isa = PBXGroup;
			children = (
				736ADB8D1CDFA4C50082FB1B /* FlickrObject.swift */,
				736ADB8E1CDFA4C50082FB1B /* FlickrSearchResponse.swift */,
				736ADB8F1CDFA4C50082FB1B /* welcome-flickr-search.json */,
			);
			path = Model;
			sourceTree = "<group>";
		};
		736ADB901CDFA4C50082FB1B /* View */ = {
			isa = PBXGroup;
			children = (
				736ADB571CDE02970082FB1B /* Main.storyboard */,
				736ADB911CDFA4C50082FB1B /* FlickrCollectionViewCell.swift */,
				736ADB921CDFA4C50082FB1B /* FlickrCollectionViewCell.xib */,
			);
			path = View;
			sourceTree = "<group>";
		};
		736ADB931CDFA4C50082FB1B /* WebServiceLayer */ = {
			isa = PBXGroup;
			children = (
				736ADB941CDFA4C50082FB1B /* FlickrWebRequestBuilder.swift */,
				736ADB951CDFA4C50082FB1B /* WebServiceManager.swift */,
			);
			path = WebServiceLayer;
			sourceTree = "<group>";
		};
/* End PBXGroup section */

/* Begin PBXNativeTarget section */
		736ADB4F1CDE02960082FB1B /* FlickrImageSearchApp */ = {
			isa = PBXNativeTarget;
			buildConfigurationList = 736ADB701CDE02970082FB1B /* Build configuration list for PBXNativeTarget "FlickrImageSearchApp" */;
			buildPhases = (
				736ADB4C1CDE02960082FB1B /* Sources */,
				736ADB4D1CDE02960082FB1B /* Frameworks */,
				736ADB4E1CDE02960082FB1B /* Resources */,
			);
			buildRules = (
			);
			dependencies = (
			);
			name = FlickrImageSearchApp;
			productName = FlickrImageSearchApp;
			productReference = 736ADB501CDE02960082FB1B /* FlickrImageSearchApp.app */;
			productType = "com.apple.product-type.application";
		};
		736ADB661CDE02970082FB1B /* FlickrImageSearchAppTests */ = {
			isa = PBXNativeTarget;
			buildConfigurationList = 736ADB731CDE02970082FB1B /* Build configuration list for PBXNativeTarget "FlickrImageSearchAppTests" */;
			buildPhases = (
				736ADB631CDE02970082FB1B /* Sources */,
				736ADB641CDE02970082FB1B /* Frameworks */,
				736ADB651CDE02970082FB1B /* Resources */,
			);
			buildRules = (
			);
			dependencies = (
				736ADB691CDE02970082FB1B /* PBXTargetDependency */,
			);
			name = FlickrImageSearchAppTests;
			productName = FlickrImageSearchAppTests;
			productReference = 736ADB671CDE02970082FB1B /* FlickrImageSearchAppTests.xctest */;
			productType = "com.apple.product-type.bundle.unit-test";
		};
/* End PBXNativeTarget section */

/* Begin PBXProject section */
		736ADB481CDE02960082FB1B /* Project object */ = {
			isa = PBXProject;
			attributes = {
				LastSwiftUpdateCheck = 0730;
				LastUpgradeCheck = 0730;
				ORGANIZATIONNAME = MakeMyTrip;
				TargetAttributes = {
					736ADB4F1CDE02960082FB1B = {
						CreatedOnToolsVersion = 7.3;
						DevelopmentTeam = 45RLD2B7X3;
					};
					736ADB661CDE02970082FB1B = {
						CreatedOnToolsVersion = 7.3;
						TestTargetID = 736ADB4F1CDE02960082FB1B;
					};
				};
			};
			buildConfigurationList = 736ADB4B1CDE02960082FB1B /* Build configuration list for PBXProject "FlickrImageSearchApp" */;
			compatibilityVersion = "Xcode 3.2";
			developmentRegion = English;
			hasScannedForEncodings = 0;
			knownRegions = (
				en,
				Base,
			);
			mainGroup = 736ADB471CDE02960082FB1B;
			productRefGroup = 736ADB511CDE02960082FB1B /* Products */;
			projectDirPath = "";
			projectRoot = "";
			targets = (
				736ADB4F1CDE02960082FB1B /* FlickrImageSearchApp */,
				736ADB661CDE02970082FB1B /* FlickrImageSearchAppTests */,
			);
		};
/* End PBXProject section */

/* Begin PBXResourcesBuildPhase section */
		736ADB4E1CDE02960082FB1B /* Resources */ = {
			isa = PBXResourcesBuildPhase;
			buildActionMask = 2147483647;
			files = (
				736ADBA21CDFA4C50082FB1B /* FlickrCollectionViewCell.xib in Resources */,
				736ADB611CDE02970082FB1B /* LaunchScreen.storyboard in Resources */,
				736ADB9E1CDFA4C50082FB1B /* welcome-flickr-search.json in Resources */,
				736ADB5E1CDE02970082FB1B /* Assets.xcassets in Resources */,
				736ADB591CDE02970082FB1B /* Main.storyboard in Resources */,
			);
			runOnlyForDeploymentPostprocessing = 0;
		};
		736ADB651CDE02970082FB1B /* Resources */ = {
			isa = PBXResourcesBuildPhase;
			buildActionMask = 2147483647;
			files = (
				736ADB9F1CDFA4C50082FB1B /* welcome-flickr-search.json in Resources */,
				736ADBA31CDFA4C50082FB1B /* FlickrCollectionViewCell.xib in Resources */,
			);
			runOnlyForDeploymentPostprocessing = 0;
		};
/* End PBXResourcesBuildPhase section */

/* Begin PBXSourcesBuildPhase section */
		736ADB4C1CDE02960082FB1B /* Sources */ = {
			isa = PBXSourcesBuildPhase;
			buildActionMask = 2147483647;
			files = (
				736ADBA01CDFA4C50082FB1B /* FlickrCollectionViewCell.swift in Sources */,
				736ADBA61CDFA4C50082FB1B /* WebServiceManager.swift in Sources */,
				736ADBA41CDFA4C50082FB1B /* FlickrWebRequestBuilder.swift in Sources */,
				736ADB961CDFA4C50082FB1B /* AppDelegate.swift in Sources */,
				736ADB9C1CDFA4C50082FB1B /* FlickrSearchResponse.swift in Sources */,
				736ADB9A1CDFA4C50082FB1B /* FlickrObject.swift in Sources */,
				736ADB981CDFA4C50082FB1B /* HomeViewController.swift in Sources */,
			);
			runOnlyForDeploymentPostprocessing = 0;
		};
		736ADB631CDE02970082FB1B /* Sources */ = {
			isa = PBXSourcesBuildPhase;
			buildActionMask = 2147483647;
			files = (
				736ADB9D1CDFA4C50082FB1B /* FlickrSearchResponse.swift in Sources */,
				736ADBA51CDFA4C50082FB1B /* FlickrWebRequestBuilder.swift in Sources */,
				736ADBA11CDFA4C50082FB1B /* FlickrCollectionViewCell.swift in Sources */,
				736ADB971CDFA4C50082FB1B /* AppDelegate.swift in Sources */,
				736ADBA71CDFA4C50082FB1B /* WebServiceManager.swift in Sources */,
				736ADB6C1CDE02970082FB1B /* FlickrImageSearchAppTests.swift in Sources */,
				736ADB991CDFA4C50082FB1B /* HomeViewController.swift in Sources */,
				736ADB9B1CDFA4C50082FB1B /* FlickrObject.swift in Sources */,
			);
			runOnlyForDeploymentPostprocessing = 0;
		};
/* End PBXSourcesBuildPhase section */

/* Begin PBXTargetDependency section */
		736ADB691CDE02970082FB1B /* PBXTargetDependency */ = {
			isa = PBXTargetDependency;
			target = 736ADB4F1CDE02960082FB1B /* FlickrImageSearchApp */;
			targetProxy = 736ADB681CDE02970082FB1B /* PBXContainerItemProxy */;
		};
/* End PBXTargetDependency section */

/* Begin PBXVariantGroup section */
		736ADB571CDE02970082FB1B /* Main.storyboard */ = {
			isa = PBXVariantGroup;
			children = (
				736ADB581CDE02970082FB1B /* Base */,
			);
			name = Main.storyboard;
			path = ..;
			sourceTree = "<group>";
		};
		736ADB5F1CDE02970082FB1B /* LaunchScreen.storyboard */ = {
			isa = PBXVariantGroup;
			children = (
				736ADB601CDE02970082FB1B /* Base */,
			);
			name = LaunchScreen.storyboard;
			sourceTree = "<group>";
		};
/* End PBXVariantGroup section */

/* Begin XCBuildConfiguration section */
		736ADB6E1CDE02970082FB1B /* Debug */ = {
			isa = XCBuildConfiguration;
			buildSettings = {
				ALWAYS_SEARCH_USER_PATHS = NO;
				CLANG_ANALYZER_NONNULL = YES;
				CLANG_CXX_LANGUAGE_STANDARD = "gnu++0x";
				CLANG_CXX_LIBRARY = "libc++";
				CLANG_ENABLE_MODULES = YES;
				CLANG_ENABLE_OBJC_ARC = YES;
				CLANG_WARN_BOOL_CONVERSION = YES;
				CLANG_WARN_CONSTANT_CONVERSION = YES;
				CLANG_WARN_DIRECT_OBJC_ISA_USAGE = YES_ERROR;
				CLANG_WARN_EMPTY_BODY = YES;
				CLANG_WARN_ENUM_CONVERSION = YES;
				CLANG_WARN_INT_CONVERSION = YES;
				CLANG_WARN_OBJC_ROOT_CLASS = YES_ERROR;
				CLANG_WARN_UNREACHABLE_CODE = YES;
				CLANG_WARN__DUPLICATE_METHOD_MATCH = YES;
				"CODE_SIGN_IDENTITY[sdk=iphoneos*]" = "iPhone Developer";
				COPY_PHASE_STRIP = NO;
				DEBUG_INFORMATION_FORMAT = dwarf;
				ENABLE_STRICT_OBJC_MSGSEND = YES;
				ENABLE_TESTABILITY = YES;
				GCC_C_LANGUAGE_STANDARD = gnu99;
				GCC_DYNAMIC_NO_PIC = NO;
				GCC_NO_COMMON_BLOCKS = YES;
				GCC_OPTIMIZATION_LEVEL = 0;
				GCC_PREPROCESSOR_DEFINITIONS = (
					"DEBUG=1",
					"$(inherited)",
				);
				GCC_WARN_64_TO_32_BIT_CONVERSION = YES;
				GCC_WARN_ABOUT_RETURN_TYPE = YES_ERROR;
				GCC_WARN_UNDECLARED_SELECTOR = YES;
				GCC_WARN_UNINITIALIZED_AUTOS = YES_AGGRESSIVE;
				GCC_WARN_UNUSED_FUNCTION = YES;
				GCC_WARN_UNUSED_VARIABLE = YES;
				IPHONEOS_DEPLOYMENT_TARGET = 8.0;
				MTL_ENABLE_DEBUG_INFO = YES;
				ONLY_ACTIVE_ARCH = YES;
				SDKROOT = iphoneos;
				SWIFT_OPTIMIZATION_LEVEL = "-Onone";
			};
			name = Debug;
		};
		736ADB6F1CDE02970082FB1B /* Release */ = {
			isa = XCBuildConfiguration;
			buildSettings = {
				ALWAYS_SEARCH_USER_PATHS = NO;
				CLANG_ANALYZER_NONNULL = YES;
				CLANG_CXX_LANGUAGE_STANDARD = "gnu++0x";
				CLANG_CXX_LIBRARY = "libc++";
				CLANG_ENABLE_MODULES = YES;
				CLANG_ENABLE_OBJC_ARC = YES;
				CLANG_WARN_BOOL_CONVERSION = YES;
				CLANG_WARN_CONSTANT_CONVERSION = YES;
				CLANG_WARN_DIRECT_OBJC_ISA_USAGE = YES_ERROR;
				CLANG_WARN_EMPTY_BODY = YES;
				CLANG_WARN_ENUM_CONVERSION = YES;
				CLANG_WARN_INT_CONVERSION = YES;
				CLANG_WARN_OBJC_ROOT_CLASS = YES_ERROR;
				CLANG_WARN_UNREACHABLE_CODE = YES;
				CLANG_WARN__DUPLICATE_METHOD_MATCH = YES;
				"CODE_SIGN_IDENTITY[sdk=iphoneos*]" = "iPhone Developer";
				COPY_PHASE_STRIP = NO;
				DEBUG_INFORMATION_FORMAT = "dwarf-with-dsym";
				ENABLE_NS_ASSERTIONS = NO;
				ENABLE_STRICT_OBJC_MSGSEND = YES;
				GCC_C_LANGUAGE_STANDARD = gnu99;
				GCC_NO_COMMON_BLOCKS = YES;
				GCC_WARN_64_TO_32_BIT_CONVERSION = YES;
				GCC_WARN_ABOUT_RETURN_TYPE = YES_ERROR;
				GCC_WARN_UNDECLARED_SELECTOR = YES;
				GCC_WARN_UNINITIALIZED_AUTOS = YES_AGGRESSIVE;
				GCC_WARN_UNUSED_FUNCTION = YES;
				GCC_WARN_UNUSED_VARIABLE = YES;
				IPHONEOS_DEPLOYMENT_TARGET = 8.0;
				MTL_ENABLE_DEBUG_INFO = NO;
				SDKROOT = iphoneos;
				VALIDATE_PRODUCT = YES;
			};
			name = Release;
		};
		736ADB711CDE02970082FB1B /* Debug */ = {
			isa = XCBuildConfiguration;
			buildSettings = {
				ASSETCATALOG_COMPILER_APPICON_NAME = AppIcon;
				CODE_SIGN_IDENTITY = "iPhone Developer";
				"CODE_SIGN_IDENTITY[sdk=iphoneos*]" = "iPhone Developer";
				INFOPLIST_FILE = FlickrImageSearchApp/Info.plist;
				LD_RUNPATH_SEARCH_PATHS = "$(inherited) @executable_path/Frameworks";
				PRODUCT_BUNDLE_IDENTIFIER = com.Iphone.MMT.FlickrImageSearchApp;
				PRODUCT_NAME = "$(TARGET_NAME)";
				PROVISIONING_PROFILE = "";
			};
			name = Debug;
		};
		736ADB721CDE02970082FB1B /* Release */ = {
			isa = XCBuildConfiguration;
			buildSettings = {
				ASSETCATALOG_COMPILER_APPICON_NAME = AppIcon;
				CODE_SIGN_IDENTITY = "iPhone Developer";
				"CODE_SIGN_IDENTITY[sdk=iphoneos*]" = "iPhone Developer";
				INFOPLIST_FILE = FlickrImageSearchApp/Info.plist;
				LD_RUNPATH_SEARCH_PATHS = "$(inherited) @executable_path/Frameworks";
				PRODUCT_BUNDLE_IDENTIFIER = com.Iphone.MMT.FlickrImageSearchApp;
				PRODUCT_NAME = "$(TARGET_NAME)";
				PROVISIONING_PROFILE = "";
			};
			name = Release;
		};
		736ADB741CDE02970082FB1B /* Debug */ = {
			isa = XCBuildConfiguration;
			buildSettings = {
				BUNDLE_LOADER = "$(TEST_HOST)";
				INFOPLIST_FILE = FlickrImageSearchAppTests/Info.plist;
				LD_RUNPATH_SEARCH_PATHS = "$(inherited) @executable_path/Frameworks @loader_path/Frameworks";
				PRODUCT_BUNDLE_IDENTIFIER = com.Iphone.MMT.FlickrImageSearchAppTests;
				PRODUCT_NAME = "$(TARGET_NAME)";
				TEST_HOST = "$(BUILT_PRODUCTS_DIR)/FlickrImageSearchApp.app/FlickrImageSearchApp";
			};
			name = Debug;
		};
		736ADB751CDE02970082FB1B /* Release */ = {
			isa = XCBuildConfiguration;
			buildSettings = {
				BUNDLE_LOADER = "$(TEST_HOST)";
				INFOPLIST_FILE = FlickrImageSearchAppTests/Info.plist;
				LD_RUNPATH_SEARCH_PATHS = "$(inherited) @executable_path/Frameworks @loader_path/Frameworks";
				PRODUCT_BUNDLE_IDENTIFIER = com.Iphone.MMT.FlickrImageSearchAppTests;
				PRODUCT_NAME = "$(TARGET_NAME)";
				TEST_HOST = "$(BUILT_PRODUCTS_DIR)/FlickrImageSearchApp.app/FlickrImageSearchApp";
			};
			name = Release;
		};
/* End XCBuildConfiguration section */

/* Begin XCConfigurationList section */
		736ADB4B1CDE02960082FB1B /* Build configuration list for PBXProject "FlickrImageSearchApp" */ = {
			isa = XCConfigurationList;
			buildConfigurations = (
				736ADB6E1CDE02970082FB1B /* Debug */,
				736ADB6F1CDE02970082FB1B /* Release */,
			);
			defaultConfigurationIsVisible = 0;
			defaultConfigurationName = Release;
		};
		736ADB701CDE02970082FB1B /* Build configuration list for PBXNativeTarget "FlickrImageSearchApp" */ = {
			isa = XCConfigurationList;
			buildConfigurations = (
				736ADB711CDE02970082FB1B /* Debug */,
				736ADB721CDE02970082FB1B /* Release */,
			);
			defaultConfigurationIsVisible = 0;
			defaultConfigurationName = Release;
		};
		736ADB731CDE02970082FB1B /* Build configuration list for PBXNativeTarget "FlickrImageSearchAppTests" */ = {
			isa = XCConfigurationList;
			buildConfigurations = (
				736ADB741CDE02970082FB1B /* Debug */,
				736ADB751CDE02970082FB1B /* Release */,
			);
			defaultConfigurationIsVisible = 0;
			defaultConfigurationName = Release;
		};
/* End XCConfigurationList section */
	};
	rootObject = 736ADB481CDE02960082FB1B /* Project object */;
}
